
Microsoft Visual Studio Solution File, Format Version 12.00
# Visual Studio Version 17
VisualStudioVersion = 17.14.36414.22
MinimumVisualStudioVersion = 10.0.40219.1
Project("{FAE04EC0-301F-11D3-BF4B-00C04F79EFBC}") = "MediaServerNotification", "MediaServerNotification\MediaServerNotification.csproj", "{286758AE-AFA8-427D-A0E6-94F0450FCDED}"
EndProject
Global
	GlobalSection(SolutionConfigurationPlatforms) = preSolution
		Debug|Any CPU = Debug|Any CPU
		Release|Any CPU = Release|Any CPU
	EndGlobalSection
	GlobalSection(ProjectConfigurationPlatforms) = postSolution
		{286758AE-AFA8-427D-A0E6-94F0450FCDED}.Debug|Any CPU.ActiveCfg = Debug|Any CPU
		{286758AE-AFA8-427D-A0E6-94F0450FCDED}.Debug|Any CPU.Build.0 = Debug|Any CPU
		{286758AE-AFA8-427D-A0E6-94F0450FCDED}.Debug|Any CPU.Deploy.0 = Debug|Any CPU
		{286758AE-AFA8-427D-A0E6-94F0450FCDED}.Release|Any CPU.ActiveCfg = Release|Any CPU
		{286758AE-AFA8-427D-A0E6-94F0450FCDED}.Release|Any CPU.Build.0 = Release|Any CPU
	EndGlobalSection
	GlobalSection(SolutionProperties) = preSolution
		HideSolutionNode = FALSE
	EndGlobalSection
	GlobalSection(ExtensibilityGlobals) = postSolution
		SolutionGuid = {08D9BD5A-BE63-4B25-BF47-25360A1C3103}
	EndGlobalSection
EndGlobal
